
Microsoft Visual Studio Solution File, Format Version 12.00
# Visual Studio 15
VisualStudioVersion = 15.0.26730.16
MinimumVisualStudioVersion = 10.0.40219.1
Project("{FAE04EC0-301F-11D3-BF4B-00C04F79EFBC}") = "CloseConnectionLeak", "CloseConnectionLeak\CloseConnectionLeak.csproj", "{76DABB14-9CD2-4477-A4AE-D20BEF664173}"
EndProject
Global
	GlobalSection(SolutionConfigurationPlatforms) = preSolution
		Debug|Any CPU = Debug|Any CPU
		Release|Any CPU = Release|Any CPU
	EndGlobalSection
	GlobalSection(ProjectConfigurationPlatforms) = postSolution
		{76DABB14-9CD2-4477-A4AE-D20BEF664173}.Debug|Any CPU.ActiveCfg = Debug|Any CPU
		{76DABB14-9CD2-4477-A4AE-D20BEF664173}.Debug|Any CPU.Build.0 = Debug|Any CPU
		{76DABB14-9CD2-4477-A4AE-D20BEF664173}.Release|Any CPU.ActiveCfg = Release|Any CPU
		{76DABB14-9CD2-4477-A4AE-D20BEF664173}.Release|Any CPU.Build.0 = Release|Any CPU
	EndGlobalSection
	GlobalSection(SolutionProperties) = preSolution
		HideSolutionNode = FALSE
	EndGlobalSection
	GlobalSection(ExtensibilityGlobals) = postSolution
		SolutionGuid = {E73F6EB9-82DF-43F9-9153-4FF894F8E49B}
	EndGlobalSection
EndGlobal
